
Microsoft Visual Studio Solution File, Format Version 12.00
# Visual Studio Version 17
VisualStudioVersion = 17.11.35219.272
MinimumVisualStudioVersion = 10.0.40219.1
Project("{FAE04EC0-301F-11D3-BF4B-00C04F79EFBC}") = "Hello world", "Hello world\Hello world.csproj", "{7344418B-506B-4291-8B5B-553351153079}"
EndProject
Global
	GlobalSection(SolutionConfigurationPlatforms) = preSolution
		Debug|Any CPU = Debug|Any CPU
		Release|Any CPU = Release|Any CPU
	EndGlobalSection
	GlobalSection(ProjectConfigurationPlatforms) = postSolution
		{7344418B-506B-4291-8B5B-553351153079}.Debug|Any CPU.ActiveCfg = Debug|Any CPU
		{7344418B-506B-4291-8B5B-553351153079}.Debug|Any CPU.Build.0 = Debug|Any CPU
		{7344418B-506B-4291-8B5B-553351153079}.Release|Any CPU.ActiveCfg = Release|Any CPU
		{7344418B-506B-4291-8B5B-553351153079}.Release|Any CPU.Build.0 = Release|Any CPU
	EndGlobalSection
	GlobalSection(SolutionProperties) = preSolution
		HideSolutionNode = FALSE
	EndGlobalSection
	GlobalSection(ExtensibilityGlobals) = postSolution
		SolutionGuid = {D55DE681-6325-4C18-A854-1A572952A931}
	EndGlobalSection
EndGlobal
